<?xml version="1.0" encoding="utf-8"?>
<Project ToolsVersion="4.0" xmlns="http://schemas.microsoft.com/developer/msbuild/2003">
  <ItemGroup>
    <ClCompile Include="guiAlexandrov\error_handler\errors.cpp" />
    <ClCompile Include="guiAlexandrov\high_lavel_gui\file_explorer_window.cpp" />
    <ClCompile Include="guiAlexandrov\high_lavel_gui\image_window.cpp" />
    <ClCompile Include="guiAlexandrov\image\canvas.cpp" />
    <ClCompile Include="guiAlexandrov\image\color.cpp" />
    <ClCompile Include="guiAlexandrov\image\image.cpp" />
    <ClCompile Include="guiAlexandrov\image\Image_base.cpp" />
    <ClCompile Include="guiAlexandrov\image\text.cpp" />
    <ClCompile Include="guiAlexandrov\io\input.cpp" />
    <ClCompile Include="guiAlexandrov\io\log.cpp" />
    <ClCompile Include="guiAlexandrov\io\file_io.cpp" />
    <ClCompile Include="guiAlexandrov\libs\thread_pool.cpp" />
    <ClCompile Include="guiAlexandrov\libs\time.cpp" />
    <ClCompile Include="guiAlexandrov\window\window.cpp" />
    <ClCompile Include="main.cpp" />
    <ClCompile Include="guiAlexandrov\window\gui_init.cpp" />
  </ItemGroup>
  <ItemGroup>
    <ClInclude Include="guiAlexandrov\image\stb_image.h" />
    <ClInclude Include="guiAlexandrov\image\stb_image_write.h" />
    <ClInclude Include="guiAlexandrov\include\error_handler\errors.h" />
    <ClInclude Include="guiAlexandrov\include\guiAlexandrov.h" />
    <ClInclude Include="guiAlexandrov\include\high_lavel_gui\file_explorer_window.h" />
    <ClInclude Include="guiAlexandrov\include\high_lavel_gui\image_window.h" />
    <ClInclude Include="guiAlexandrov\include\image\canvas.h" />
    <ClInclude Include="guiAlexandrov\include\image\color.h" />
    <ClInclude Include="guiAlexandrov\include\image\draw.h" />
    <ClInclude Include="guiAlexandrov\include\image\image.h" />
    <ClInclude Include="guiAlexandrov\include\image\Image_base.h" />
    <ClInclude Include="guiAlexandrov\include\image\text.h" />
    <ClInclude Include="guiAlexandrov\include\image_processing\auto_contrast.h" />
    <ClInclude Include="guiAlexandrov\include\image_processing\convolution.h" />
    <ClInclude Include="guiAlexandrov\include\image_processing\gray_world.h" />
    <ClInclude Include="guiAlexandrov\include\image_processing\histogram.h" />
    <ClInclude Include="guiAlexandrov\include\image_processing\histogram_alignment.h" />
    <ClInclude Include="guiAlexandrov\include\image_processing\image_conversion.h" />
    <ClInclude Include="guiAlexandrov\include\image_processing\median_filter.h" />
    <ClInclude Include="guiAlexandrov\include\io\file_io.h" />
    <ClInclude Include="guiAlexandrov\include\io\input.h" />
    <ClInclude Include="guiAlexandrov\include\io\log.h" />
    <ClInclude Include="guiAlexandrov\include\libs\thread_pool.h" />
    <ClInclude Include="guiAlexandrov\include\libs\time.h" />
    <ClInclude Include="guiAlexandrov\include\window\gui_init.h" />
    <ClInclude Include="guiAlexandrov\include\window\window.h" />
  </ItemGroup>
</Project>