<?xml version="1.0" encoding="utf-8"?>
<Project ToolsVersion="4.0" xmlns="http://schemas.microsoft.com/developer/msbuild/2003">
  <ItemGroup>
    <Filter Include="Source Files">
      <UniqueIdentifier>{4FC737F1-C7A5-4376-A066-2A32D752A2FF}</UniqueIdentifier>
      <Extensions>cpp;c;cc;cxx;def;odl;idl;hpj;bat;asm;asmx</Extensions>
    </Filter>
    <Filter Include="Header Files">
      <UniqueIdentifier>{93995380-89BD-4b04-88EB-625FBE52EBFB}</UniqueIdentifier>
      <Extensions>h;hh;hpp;hxx;hm;inl;inc;ipp;xsd</Extensions>
    </Filter>
    <Filter Include="Resource Files">
      <UniqueIdentifier>{67DA6AB6-F800-4c08-8B7A-83BB121AAD01}</UniqueIdentifier>
      <Extensions>rc;ico;cur;bmp;dlg;rc2;rct;bin;rgs;gif;jpg;jpeg;jpe;resx;tiff;tif;png;wav;mfcribbon-ms</Extensions>
    </Filter>
  </ItemGroup>
  <ItemGroup>
    <ClCompile Include="main.cpp">
      <Filter>Source Files</Filter>
    </ClCompile>
    <ClCompile Include="guiAlexandrov\high_lavel_gui\image_window.cpp">
      <Filter>Source Files</Filter>
    </ClCompile>
    <ClCompile Include="guiAlexandrov\high_lavel_gui\file_explorer_window.cpp">
      <Filter>Source Files</Filter>
    </ClCompile>
    <ClCompile Include="guiAlexandrov\image\text.cpp">
      <Filter>Source Files</Filter>
    </ClCompile>
    <ClCompile Include="guiAlexandrov\error_handler\errors.cpp">
      <Filter>Source Files</Filter>
    </ClCompile>
    <ClCompile Include="guiAlexandrov\win_api\window.cpp">
      <Filter>Source Files</Filter>
    </ClCompile>
    <ClCompile Include="guiAlexandrov\image\color.cpp">
      <Filter>Source Files</Filter>
    </ClCompile>
    <ClCompile Include="guiAlexandrov\image\canvas.cpp">
      <Filter>Source Files</Filter>
    </ClCompile>
    <ClCompile Include="guiAlexandrov\image\image.cpp">
      <Filter>Source Files</Filter>
    </ClCompile>
    <ClCompile Include="guiAlexandrov\libs\thread_pool.cpp">
      <Filter>Source Files</Filter>
    </ClCompile>
    <ClCompile Include="guiAlexandrov\libs\time.cpp">
      <Filter>Source Files</Filter>
    </ClCompile>
    <ClCompile Include="guiAlexandrov\win_api\gui_init.cpp">
      <Filter>Source Files</Filter>
    </ClCompile>
    <ClCompile Include="guiAlexandrov\io\file_io.cpp">
      <Filter>Source Files</Filter>
    </ClCompile>
    <ClCompile Include="guiAlexandrov\io\input.cpp">
      <Filter>Source Files</Filter>
    </ClCompile>
    <ClCompile Include="guiAlexandrov\io\log.cpp">
      <Filter>Source Files</Filter>
    </ClCompile>
  </ItemGroup>
  <ItemGroup>
    <ClInclude Include="guiAlexandrov\error_handler\errors.h">
      <Filter>Header Files</Filter>
    </ClInclude>
    <ClInclude Include="guiAlexandrov\high_lavel_gui\file_explorer_window.h">
      <Filter>Header Files</Filter>
    </ClInclude>
    <ClInclude Include="guiAlexandrov\high_lavel_gui\image_window.h">
      <Filter>Header Files</Filter>
    </ClInclude>
    <ClInclude Include="guiAlexandrov\win_api\window.h">
      <Filter>Header Files</Filter>
    </ClInclude>
    <ClInclude Include="guiAlexandrov\image\text.h">
      <Filter>Header Files</Filter>
    </ClInclude>
    <ClInclude Include="guiAlexandrov\image\color.h">
      <Filter>Header Files</Filter>
    </ClInclude>
    <ClInclude Include="guiAlexandrov\image\canvas.h">
      <Filter>Header Files</Filter>
    </ClInclude>
    <ClInclude Include="guiAlexandrov\image\image.h">
      <Filter>Header Files</Filter>
    </ClInclude>
    <ClInclude Include="guiAlexandrov\libs\thread_pool.h">
      <Filter>Header Files</Filter>
    </ClInclude>
    <ClInclude Include="guiAlexandrov\libs\time.h">
      <Filter>Header Files</Filter>
    </ClInclude>
    <ClInclude Include="guiAlexandrov\image\draw.h">
      <Filter>Header Files</Filter>
    </ClInclude>
    <ClInclude Include="guiAlexandrov\image\stb_image.h">
      <Filter>Header Files</Filter>
    </ClInclude>
    <ClInclude Include="guiAlexandrov\image_processing\auto_contrast.h">
      <Filter>Header Files</Filter>
    </ClInclude>
    <ClInclude Include="guiAlexandrov\image_processing\convolution.h">
      <Filter>Header Files</Filter>
    </ClInclude>
    <ClInclude Include="guiAlexandrov\image_processing\gray_world.h">
      <Filter>Header Files</Filter>
    </ClInclude>
    <ClInclude Include="guiAlexandrov\image_processing\histogram.h">
      <Filter>Header Files</Filter>
    </ClInclude>
    <ClInclude Include="guiAlexandrov\image_processing\histogram_alignment.h">
      <Filter>Header Files</Filter>
    </ClInclude>
    <ClInclude Include="guiAlexandrov\image_processing\image_conversion.h">
      <Filter>Header Files</Filter>
    </ClInclude>
    <ClInclude Include="guiAlexandrov\image_processing\median_filter.h">
      <Filter>Header Files</Filter>
    </ClInclude>
    <ClInclude Include="guiAlexandrov\win_api\gui_init.h">
      <Filter>Header Files</Filter>
    </ClInclude>
    <ClInclude Include="guiAlexandrov\io\file_io.h">
      <Filter>Header Files</Filter>
    </ClInclude>
    <ClInclude Include="guiAlexandrov\io\input.h">
      <Filter>Header Files</Filter>
    </ClInclude>
    <ClInclude Include="guiAlexandrov\io\log.h">
      <Filter>Header Files</Filter>
    </ClInclude>
    <ClInclude Include="guiAlexandrov\inlcude\image\canvas.h">
      <Filter>Header Files</Filter>
    </ClInclude>
    <ClInclude Include="guiAlexandrov\inlcude\image\color.h">
      <Filter>Header Files</Filter>
    </ClInclude>
    <ClInclude Include="guiAlexandrov\inlcude\image\draw.h">
      <Filter>Header Files</Filter>
    </ClInclude>
    <ClInclude Include="guiAlexandrov\inlcude\image\image.h">
      <Filter>Header Files</Filter>
    </ClInclude>
    <ClInclude Include="guiAlexandrov\inlcude\image\text.h">
      <Filter>Header Files</Filter>
    </ClInclude>
    <ClInclude Include="guiAlexandrov\inlcude\error_handler\errors.h">
      <Filter>Header Files</Filter>
    </ClInclude>
    <ClInclude Include="guiAlexandrov\inlcude\high_lavel_gui\file_explorer_window.h">
      <Filter>Header Files</Filter>
    </ClInclude>
    <ClInclude Include="guiAlexandrov\inlcude\high_lavel_gui\image_window.h">
      <Filter>Header Files</Filter>
    </ClInclude>
    <ClInclude Include="guiAlexandrov\inlcude\image_processing\auto_contrast.h">
      <Filter>Header Files</Filter>
    </ClInclude>
    <ClInclude Include="guiAlexandrov\inlcude\image_processing\convolution.h">
      <Filter>Header Files</Filter>
    </ClInclude>
    <ClInclude Include="guiAlexandrov\inlcude\image_processing\gray_world.h">
      <Filter>Header Files</Filter>
    </ClInclude>
    <ClInclude Include="guiAlexandrov\inlcude\image_processing\histogram.h">
      <Filter>Header Files</Filter>
    </ClInclude>
    <ClInclude Include="guiAlexandrov\inlcude\image_processing\histogram_alignment.h">
      <Filter>Header Files</Filter>
    </ClInclude>
    <ClInclude Include="guiAlexandrov\inlcude\image_processing\image_conversion.h">
      <Filter>Header Files</Filter>
    </ClInclude>
    <ClInclude Include="guiAlexandrov\inlcude\image_processing\median_filter.h">
      <Filter>Header Files</Filter>
    </ClInclude>
    <ClInclude Include="guiAlexandrov\inlcude\io\file_io.h">
      <Filter>Header Files</Filter>
    </ClInclude>
    <ClInclude Include="guiAlexandrov\inlcude\io\input.h">
      <Filter>Header Files</Filter>
    </ClInclude>
    <ClInclude Include="guiAlexandrov\inlcude\io\log.h">
      <Filter>Header Files</Filter>
    </ClInclude>
    <ClInclude Include="guiAlexandrov\inlcude\libs\thread_pool.h">
      <Filter>Header Files</Filter>
    </ClInclude>
    <ClInclude Include="guiAlexandrov\inlcude\libs\time.h">
      <Filter>Header Files</Filter>
    </ClInclude>
    <ClInclude Include="guiAlexandrov\inlcude\win_api\gui_init.h">
      <Filter>Header Files</Filter>
    </ClInclude>
    <ClInclude Include="guiAlexandrov\inlcude\win_api\window.h">
      <Filter>Header Files</Filter>
    </ClInclude>
    <ClInclude Include="guiAlexandrov\inlcude\guiAlexandrov.h">
      <Filter>Header Files</Filter>
    </ClInclude>
  </ItemGroup>
</Project>